
Microsoft Visual Studio Solution File, Format Version 12.00
# Visual Studio Version 17
VisualStudioVersion = 17.0.32126.317
MinimumVisualStudioVersion = 10.0.40219.1
Project("{9A19103F-16F7-4668-BE54-9A1E7A4F7556}") = "Forecast", "Forecast\Forecast.csproj", "{5C35E2C5-A0E7-4C05-B6EA-643A506F1AFF}"
EndProject
Project("{FAE04EC0-301F-11D3-BF4B-00C04F79EFBC}") = "Dashboard", "Dashboard\Dashboard.csproj", "{3E32B581-E935-42AF-A84D-CDA6959C9745}"
EndProject
Global
	GlobalSection(SolutionConfigurationPlatforms) = preSolution
		Debug|Any CPU = Debug|Any CPU
		Release|Any CPU = Release|Any CPU
	EndGlobalSection
	GlobalSection(ProjectConfigurationPlatforms) = postSolution
		{5C35E2C5-A0E7-4C05-B6EA-643A506F1AFF}.Debug|Any CPU.ActiveCfg = Debug|Any CPU
		{5C35E2C5-A0E7-4C05-B6EA-643A506F1AFF}.Debug|Any CPU.Build.0 = Debug|Any CPU
		{5C35E2C5-A0E7-4C05-B6EA-643A506F1AFF}.Release|Any CPU.ActiveCfg = Release|Any CPU
		{5C35E2C5-A0E7-4C05-B6EA-643A506F1AFF}.Release|Any CPU.Build.0 = Release|Any CPU
		{3E32B581-E935-42AF-A84D-CDA6959C9745}.Debug|Any CPU.ActiveCfg = Debug|Any CPU
		{3E32B581-E935-42AF-A84D-CDA6959C9745}.Debug|Any CPU.Build.0 = Debug|Any CPU
		{3E32B581-E935-42AF-A84D-CDA6959C9745}.Release|Any CPU.ActiveCfg = Release|Any CPU
		{3E32B581-E935-42AF-A84D-CDA6959C9745}.Release|Any CPU.Build.0 = Release|Any CPU
	EndGlobalSection
	GlobalSection(SolutionProperties) = preSolution
		HideSolutionNode = FALSE
	EndGlobalSection
	GlobalSection(ExtensibilityGlobals) = postSolution
		SolutionGuid = {5D632A2E-EC1E-48B0-93FB-2E2CA6950027}
	EndGlobalSection
EndGlobal
